
Microsoft Visual Studio Solution File, Format Version 12.00
# Visual Studio Version 17
VisualStudioVersion = 17.5.33502.453
MinimumVisualStudioVersion = 10.0.40219.1
Project("{FAE04EC0-301F-11D3-BF4B-00C04F79EFBC}") = "Point Of Sales", "Point Of Sales\Point Of Sales.csproj", "{3CE03EFA-50F6-4919-AE3A-99A06EB558D7}"
EndProject
Global
	GlobalSection(SolutionConfigurationPlatforms) = preSolution
		Debug|Any CPU = Debug|Any CPU
		Release|Any CPU = Release|Any CPU
	EndGlobalSection
	GlobalSection(ProjectConfigurationPlatforms) = postSolution
		{3CE03EFA-50F6-4919-AE3A-99A06EB558D7}.Debug|Any CPU.ActiveCfg = Debug|Any CPU
		{3CE03EFA-50F6-4919-AE3A-99A06EB558D7}.Debug|Any CPU.Build.0 = Debug|Any CPU
		{3CE03EFA-50F6-4919-AE3A-99A06EB558D7}.Release|Any CPU.ActiveCfg = Release|Any CPU
		{3CE03EFA-50F6-4919-AE3A-99A06EB558D7}.Release|Any CPU.Build.0 = Release|Any CPU
	EndGlobalSection
	GlobalSection(SolutionProperties) = preSolution
		HideSolutionNode = FALSE
	EndGlobalSection
	GlobalSection(ExtensibilityGlobals) = postSolution
		SolutionGuid = {1E3776E5-54BC-429E-9CFC-96F00B5E7723}
	EndGlobalSection
EndGlobal
